
Microsoft Visual Studio Solution File, Format Version 12.00
# Visual Studio 15
VisualStudioVersion = 15.0.27004.2002
MinimumVisualStudioVersion = 10.0.40219.1
Project("{FAE04EC0-301F-11D3-BF4B-00C04F79EFBC}") = "App", "App\App.csproj", "{0FFC75E5-AA69-457E-AA7D-D34CF00A70FD}"
EndProject
Global
	GlobalSection(SolutionConfigurationPlatforms) = preSolution
		Debug|Any CPU = Debug|Any CPU
		Release|Any CPU = Release|Any CPU
	EndGlobalSection
	GlobalSection(ProjectConfigurationPlatforms) = postSolution
		{0FFC75E5-AA69-457E-AA7D-D34CF00A70FD}.Debug|Any CPU.ActiveCfg = Debug|Any CPU
		{0FFC75E5-AA69-457E-AA7D-D34CF00A70FD}.Debug|Any CPU.Build.0 = Debug|Any CPU
		{0FFC75E5-AA69-457E-AA7D-D34CF00A70FD}.Debug|Any CPU.Deploy.0 = Debug|Any CPU
		{0FFC75E5-AA69-457E-AA7D-D34CF00A70FD}.Release|Any CPU.ActiveCfg = Release|Any CPU
		{0FFC75E5-AA69-457E-AA7D-D34CF00A70FD}.Release|Any CPU.Build.0 = Release|Any CPU
		{0FFC75E5-AA69-457E-AA7D-D34CF00A70FD}.Release|Any CPU.Deploy.0 = Release|Any CPU
	EndGlobalSection
	GlobalSection(SolutionProperties) = preSolution
		HideSolutionNode = FALSE
	EndGlobalSection
	GlobalSection(ExtensibilityGlobals) = postSolution
		SolutionGuid = {C87CA0A1-AFA9-4220-B0A3-E8E9DE160A08}
	EndGlobalSection
EndGlobal
